{
  "version": 4,
  "terraform_version": "1.7.2",
  "serial": 8,
  "lineage": "cdc6f790-880a-7943-54d4-239c6ad59740",
  "outputs": {},
  "resources": [
    {
      "mode": "managed",
      "type": "aws_instance",
      "name": "test_instance",
      "provider": "provider[\"registry.terraform.io/hashicorp/aws\"]",
      "instances": [
        {
          "schema_version": 1,
          "attributes": {
            "ami": "ami-05d47d29a4c2d19e1",
            "arn": "arn:aws:ec2:us-east-1:000348787903:instance/i-0627c33af9ea5387a",
            "associate_public_ip_address": true,
            "availability_zone": "us-east-1a",
            "capacity_reservation_specification": [
              {
                "capacity_reservation_preference": "open",
                "capacity_reservation_target": []
              }
            ],
            "cpu_core_count": 2,
            "cpu_options": [
              {
                "amd_sev_snp": "",
                "core_count": 2,
                "threads_per_core": 1
              }
            ],
            "cpu_threads_per_core": 1,
            "credit_specification": [
              {
                "cpu_credits": "unlimited"
              }
            ],
            "disable_api_stop": false,
            "disable_api_termination": false,
            "ebs_block_device": [],
            "ebs_optimized": false,
            "enclave_options": [
              {
                "enabled": false
              }
            ],
            "ephemeral_block_device": [],
            "get_password_data": false,
            "hibernation": false,
            "host_id": "",
            "host_resource_group_arn": null,
            "iam_instance_profile": "",
            "id": "i-0627c33af9ea5387a",
            "instance_initiated_shutdown_behavior": "stop",
            "instance_lifecycle": "",
            "instance_market_options": [],
            "instance_state": "running",
            "instance_type": "t4g.small",
            "ipv6_address_count": 0,
            "ipv6_addresses": [],
            "key_name": "test_key",
            "launch_template": [],
            "maintenance_options": [
              {
                "auto_recovery": "default"
              }
            ],
            "metadata_options": [
              {
                "http_endpoint": "enabled",
                "http_protocol_ipv6": "disabled",
                "http_put_response_hop_limit": 1,
                "http_tokens": "optional",
                "instance_metadata_tags": "disabled"
              }
            ],
            "monitoring": false,
            "network_interface": [],
            "outpost_arn": "",
            "password_data": "",
            "placement_group": "",
            "placement_partition_number": 0,
            "primary_network_interface_id": "eni-09d404ff08ec0bbf2",
            "private_dns": "ip-172-31-40-78.ec2.internal",
            "private_dns_name_options": [
              {
                "enable_resource_name_dns_a_record": false,
                "enable_resource_name_dns_aaaa_record": false,
                "hostname_type": "ip-name"
              }
            ],
            "private_ip": "172.31.40.78",
            "public_dns": "ec2-34-235-119-227.compute-1.amazonaws.com",
            "public_ip": "34.235.119.227",
            "root_block_device": [
              {
                "delete_on_termination": true,
                "device_name": "/dev/sda1",
                "encrypted": false,
                "iops": 100,
                "kms_key_id": "",
                "tags": null,
                "throughput": 0,
                "volume_id": "vol-06ed64761d98e2620",
                "volume_size": 8,
                "volume_type": "gp2"
              }
            ],
            "secondary_private_ips": [],
            "security_groups": [],
            "source_dest_check": true,
            "spot_instance_request_id": "",
            "subnet_id": "subnet-0ef2631ff565f981c",
            "tags": {
              "Name": "Test instance"
            },
            "tags_all": {
              "Name": "Test instance"
            },
            "tenancy": "default",
            "timeouts": null,
            "user_data": null,
            "user_data_base64": null,
            "user_data_replace_on_change": false,
            "volume_tags": null,
            "vpc_security_group_ids": [
              "sg-0a4f12c53bae69ec9"
            ]
          },
          "sensitive_attributes": [],
          "private": "eyJlMmJmYjczMC1lY2FhLTExZTYtOGY4OC0zNDM2M2JjN2M0YzAiOnsiY3JlYXRlIjo2MDAwMDAwMDAwMDAsImRlbGV0ZSI6MTIwMDAwMDAwMDAwMCwidXBkYXRlIjo2MDAwMDAwMDAwMDB9LCJzY2hlbWFfdmVyc2lvbiI6IjEifQ==",
          "dependencies": [
            "aws_key_pair.test_key",
            "aws_security_group.test_sg",
            "aws_subnet.default",
            "aws_vpc.default"
          ]
        }
      ]
    },
    {
      "mode": "managed",
      "type": "aws_key_pair",
      "name": "test_key",
      "provider": "provider[\"registry.terraform.io/hashicorp/aws\"]",
      "instances": [
        {
          "schema_version": 1,
          "attributes": {
            "arn": "arn:aws:ec2:us-east-1:000348787903:key-pair/test_key",
            "fingerprint": "57:78:de:1f:eb:a5:0d:bd:6a:de:ec:3a:f0:a0:ea:fb",
            "id": "test_key",
            "key_name": "test_key",
            "key_name_prefix": "",
            "key_pair_id": "key-0af0de8701249e709",
            "key_type": "rsa",
            "public_key": "ssh-rsa AAAAB3NzaC1yc2EAAAADAQABAAACAQDv9+Fq8i10umlG6kghfB7+Eft+/bXUa2yLFiDhisbK0wpd5AE3YRRX7gI0FHZO1DRqtHu6FfnB0CO6EM0D85kRyP0DFipVKmHGiHy7xhX9Js3K/+pBWUHmYyiOJ+Xqy/F5n4yao7rWBDAt/KEwlqhHoPU58WWnG6OPEUBF1sbrVrQWmGXkRWoV8n7x/jmqUI4cXkQzSBasrH2ZvHnSAo/V1fdHUzpEz5shCbMfMvmbqIBcUdI44JGXLzAeuWrmNI/fqFdz2XNJ/FnLMnavYenBSZDsmyIh3kXjSvYQ7G5xLsobhe//9kFXGOeUWrdHzLZ6FLjw/McGIbZ6mZwuWDv5p/hWvg+xrk2+B80nh824mTPoYyKvmVz63uo+eFT84NjQm921Tpz04R8eSo2NOe+GlJZvjUKpmrgRYZdenP6HpS7Hq/Fp2d4+mvQ7MoEOZpRpdB6YJYW8xlvfIbM7MuFr9maOcl2VO17Ka4kshD9elAumuoylglIUsYR515op0xUlgXG+LczaTjISNWSY9x3kSP1pCnZNw/Rwy/S+0ZFNEk61C/d1E3mVxGmg/wD6W7nkGpIZVTZLfc8/qZ04xRoBr2cEgfX5nOfe2yCLHwESVUZD+B6FCSmDvmGX4L85poVxu/rDSFitBRaSSaCI1GSkAkxmLKmS98K2UEoGuOpAxQ== bimal.rai@aayulogic.com",
            "tags": {},
            "tags_all": {}
          },
          "sensitive_attributes": [],
          "private": "eyJzY2hlbWFfdmVyc2lvbiI6IjEifQ=="
        }
      ]
    },
    {
      "mode": "managed",
      "type": "aws_security_group",
      "name": "test_sg",
      "provider": "provider[\"registry.terraform.io/hashicorp/aws\"]",
      "instances": [
        {
          "schema_version": 1,
          "attributes": {
            "arn": "arn:aws:ec2:us-east-1:000348787903:security-group/sg-0a4f12c53bae69ec9",
            "description": "Allow incoming traffic on ports 80, 22, and 443",
            "egress": [],
            "id": "sg-0a4f12c53bae69ec9",
            "ingress": [
              {
                "cidr_blocks": [
                  "0.0.0.0/0"
                ],
                "description": "",
                "from_port": 22,
                "ipv6_cidr_blocks": [],
                "prefix_list_ids": [],
                "protocol": "tcp",
                "security_groups": [],
                "self": false,
                "to_port": 22
              },
              {
                "cidr_blocks": [
                  "0.0.0.0/0"
                ],
                "description": "",
                "from_port": 443,
                "ipv6_cidr_blocks": [],
                "prefix_list_ids": [],
                "protocol": "tcp",
                "security_groups": [],
                "self": false,
                "to_port": 443
              },
              {
                "cidr_blocks": [
                  "0.0.0.0/0"
                ],
                "description": "",
                "from_port": 80,
                "ipv6_cidr_blocks": [],
                "prefix_list_ids": [],
                "protocol": "tcp",
                "security_groups": [],
                "self": false,
                "to_port": 80
              }
            ],
            "name": "test_security_group",
            "name_prefix": "",
            "owner_id": "000348787903",
            "revoke_rules_on_delete": false,
            "tags": {},
            "tags_all": {},
            "timeouts": null,
            "vpc_id": "vpc-0f58c7340bbd63582"
          },
          "sensitive_attributes": [],
          "private": "eyJlMmJmYjczMC1lY2FhLTExZTYtOGY4OC0zNDM2M2JjN2M0YzAiOnsiY3JlYXRlIjo2MDAwMDAwMDAwMDAsImRlbGV0ZSI6OTAwMDAwMDAwMDAwfSwic2NoZW1hX3ZlcnNpb24iOiIxIn0=",
          "dependencies": [
            "aws_vpc.default"
          ]
        }
      ]
    },
    {
      "mode": "managed",
      "type": "aws_subnet",
      "name": "default",
      "provider": "provider[\"registry.terraform.io/hashicorp/aws\"]",
      "instances": [
        {
          "schema_version": 1,
          "attributes": {
            "arn": "arn:aws:ec2:us-east-1:000348787903:subnet/subnet-0ef2631ff565f981c",
            "assign_ipv6_address_on_creation": false,
            "availability_zone": "us-east-1a",
            "availability_zone_id": "use1-az6",
            "cidr_block": "172.31.32.0/20",
            "customer_owned_ipv4_pool": "",
            "enable_dns64": false,
            "enable_lni_at_device_index": 0,
            "enable_resource_name_dns_a_record_on_launch": false,
            "enable_resource_name_dns_aaaa_record_on_launch": false,
            "id": "subnet-0ef2631ff565f981c",
            "ipv6_cidr_block": "",
            "ipv6_cidr_block_association_id": "",
            "ipv6_native": false,
            "map_customer_owned_ip_on_launch": false,
            "map_public_ip_on_launch": true,
            "outpost_arn": "",
            "owner_id": "000348787903",
            "private_dns_hostname_type_on_launch": "ip-name",
            "tags": {},
            "tags_all": {},
            "timeouts": null,
            "vpc_id": "vpc-0f58c7340bbd63582"
          },
          "sensitive_attributes": [],
          "private": "eyJlMmJmYjczMC1lY2FhLTExZTYtOGY4OC0zNDM2M2JjN2M0YzAiOnsiY3JlYXRlIjo2MDAwMDAwMDAwMDAsImRlbGV0ZSI6MTIwMDAwMDAwMDAwMH0sInNjaGVtYV92ZXJzaW9uIjoiMSJ9",
          "dependencies": [
            "aws_vpc.default"
          ]
        }
      ]
    },
    {
      "mode": "managed",
      "type": "aws_vpc",
      "name": "default",
      "provider": "provider[\"registry.terraform.io/hashicorp/aws\"]",
      "instances": [
        {
          "schema_version": 1,
          "attributes": {
            "arn": "arn:aws:ec2:us-east-1:000348787903:vpc/vpc-0f58c7340bbd63582",
            "assign_generated_ipv6_cidr_block": false,
            "cidr_block": "172.31.0.0/16",
            "default_network_acl_id": "acl-086bbc59fbb177c7e",
            "default_route_table_id": "rtb-0ecdc7b2b261604ec",
            "default_security_group_id": "sg-0b01c49a11c3648fc",
            "dhcp_options_id": "dopt-0ad79c051045c4b56",
            "enable_dns_hostnames": true,
            "enable_dns_support": true,
            "enable_network_address_usage_metrics": false,
            "id": "vpc-0f58c7340bbd63582",
            "instance_tenancy": "default",
            "ipv4_ipam_pool_id": null,
            "ipv4_netmask_length": null,
            "ipv6_association_id": "",
            "ipv6_cidr_block": "",
            "ipv6_cidr_block_network_border_group": "",
            "ipv6_ipam_pool_id": "",
            "ipv6_netmask_length": 0,
            "main_route_table_id": "rtb-0ecdc7b2b261604ec",
            "owner_id": "000348787903",
            "tags": {},
            "tags_all": {}
          },
          "sensitive_attributes": [],
          "private": "eyJzY2hlbWFfdmVyc2lvbiI6IjEifQ=="
        }
      ]
    }
  ],
  "check_results": null
}
