{
  "version": 4,
  "terraform_version": "1.7.2",
  "serial": 56,
  "lineage": "98590c86-874c-8b19-e675-15d1bd357daf",
  "outputs": {},
  "resources": [
    {
      "mode": "managed",
      "type": "aws_instance",
      "name": "test_instance_sg",
      "provider": "provider[\"registry.terraform.io/hashicorp/aws\"]",
      "instances": [
        {
          "schema_version": 1,
          "attributes": {
            "ami": "ami-0fa377108253bf620",
            "arn": "arn:aws:ec2:ap-southeast-1:000348787903:instance/i-0b85f16f9129305c0",
            "associate_public_ip_address": true,
            "availability_zone": "ap-southeast-1b",
            "capacity_reservation_specification": [
              {
                "capacity_reservation_preference": "open",
                "capacity_reservation_target": []
              }
            ],
            "cpu_core_count": 1,
            "cpu_options": [
              {
                "amd_sev_snp": "",
                "core_count": 1,
                "threads_per_core": 1
              }
            ],
            "cpu_threads_per_core": 1,
            "credit_specification": [
              {
                "cpu_credits": "standard"
              }
            ],
            "disable_api_stop": false,
            "disable_api_termination": false,
            "ebs_block_device": [],
            "ebs_optimized": false,
            "enclave_options": [
              {
                "enabled": false
              }
            ],
            "ephemeral_block_device": [],
            "get_password_data": false,
            "hibernation": false,
            "host_id": "",
            "host_resource_group_arn": null,
            "iam_instance_profile": "",
            "id": "i-0b85f16f9129305c0",
            "instance_initiated_shutdown_behavior": "stop",
            "instance_lifecycle": "",
            "instance_market_options": [],
            "instance_state": "running",
            "instance_type": "t2.micro",
            "ipv6_address_count": 0,
            "ipv6_addresses": [],
            "key_name": "singapoor_key",
            "launch_template": [],
            "maintenance_options": [
              {
                "auto_recovery": "default"
              }
            ],
            "metadata_options": [
              {
                "http_endpoint": "enabled",
                "http_protocol_ipv6": "disabled",
                "http_put_response_hop_limit": 1,
                "http_tokens": "optional",
                "instance_metadata_tags": "disabled"
              }
            ],
            "monitoring": false,
            "network_interface": [],
            "outpost_arn": "",
            "password_data": "",
            "placement_group": "",
            "placement_partition_number": 0,
            "primary_network_interface_id": "eni-09fe68331c1d0c1a8",
            "private_dns": "ip-172-31-32-91.ap-southeast-1.compute.internal",
            "private_dns_name_options": [
              {
                "enable_resource_name_dns_a_record": false,
                "enable_resource_name_dns_aaaa_record": false,
                "hostname_type": "ip-name"
              }
            ],
            "private_ip": "172.31.32.91",
            "public_dns": "ec2-13-212-76-212.ap-southeast-1.compute.amazonaws.com",
            "public_ip": "13.212.76.212",
            "root_block_device": [
              {
                "delete_on_termination": true,
                "device_name": "/dev/sda1",
                "encrypted": false,
                "iops": 100,
                "kms_key_id": "",
                "tags": null,
                "throughput": 0,
                "volume_id": "vol-09b5fa3a73b9ff846",
                "volume_size": 8,
                "volume_type": "gp2"
              }
            ],
            "secondary_private_ips": [],
            "security_groups": [
              "test_security_g"
            ],
            "source_dest_check": true,
            "spot_instance_request_id": "",
            "subnet_id": "subnet-005fe372ed98fabf0",
            "tags": {
              "Name": "Test instance singapor"
            },
            "tags_all": {
              "Name": "Test instance singapor"
            },
            "tenancy": "default",
            "timeouts": null,
            "user_data": null,
            "user_data_base64": null,
            "user_data_replace_on_change": false,
            "volume_tags": null,
            "vpc_security_group_ids": [
              "sg-067a0ec6d1d47461e"
            ]
          },
          "sensitive_attributes": [],
          "private": "eyJlMmJmYjczMC1lY2FhLTExZTYtOGY4OC0zNDM2M2JjN2M0YzAiOnsiY3JlYXRlIjo2MDAwMDAwMDAwMDAsImRlbGV0ZSI6MTIwMDAwMDAwMDAwMCwidXBkYXRlIjo2MDAwMDAwMDAwMDB9LCJzY2hlbWFfdmVyc2lvbiI6IjEifQ==",
          "dependencies": [
            "aws_key_pair.singapoor_key",
            "aws_security_group.test_sg"
          ]
        }
      ]
    },
    {
      "mode": "managed",
      "type": "aws_key_pair",
      "name": "singapoor_key",
      "provider": "provider[\"registry.terraform.io/hashicorp/aws\"]",
      "instances": [
        {
          "schema_version": 1,
          "attributes": {
            "arn": "arn:aws:ec2:ap-southeast-1:000348787903:key-pair/singapoor_key",
            "fingerprint": "57:78:de:1f:eb:a5:0d:bd:6a:de:ec:3a:f0:a0:ea:fb",
            "id": "singapoor_key",
            "key_name": "singapoor_key",
            "key_name_prefix": "",
            "key_pair_id": "key-023bfad08a4d675f2",
            "key_type": "rsa",
            "public_key": "ssh-rsa AAAAB3NzaC1yc2EAAAADAQABAAACAQDv9+Fq8i10umlG6kghfB7+Eft+/bXUa2yLFiDhisbK0wpd5AE3YRRX7gI0FHZO1DRqtHu6FfnB0CO6EM0D85kRyP0DFipVKmHGiHy7xhX9Js3K/+pBWUHmYyiOJ+Xqy/F5n4yao7rWBDAt/KEwlqhHoPU58WWnG6OPEUBF1sbrVrQWmGXkRWoV8n7x/jmqUI4cXkQzSBasrH2ZvHnSAo/V1fdHUzpEz5shCbMfMvmbqIBcUdI44JGXLzAeuWrmNI/fqFdz2XNJ/FnLMnavYenBSZDsmyIh3kXjSvYQ7G5xLsobhe//9kFXGOeUWrdHzLZ6FLjw/McGIbZ6mZwuWDv5p/hWvg+xrk2+B80nh824mTPoYyKvmVz63uo+eFT84NjQm921Tpz04R8eSo2NOe+GlJZvjUKpmrgRYZdenP6HpS7Hq/Fp2d4+mvQ7MoEOZpRpdB6YJYW8xlvfIbM7MuFr9maOcl2VO17Ka4kshD9elAumuoylglIUsYR515op0xUlgXG+LczaTjISNWSY9x3kSP1pCnZNw/Rwy/S+0ZFNEk61C/d1E3mVxGmg/wD6W7nkGpIZVTZLfc8/qZ04xRoBr2cEgfX5nOfe2yCLHwESVUZD+B6FCSmDvmGX4L85poVxu/rDSFitBRaSSaCI1GSkAkxmLKmS98K2UEoGuOpAxQ== bimal.rai@aayulogic.com",
            "tags": {
              "Name": "sg_key"
            },
            "tags_all": {
              "Name": "sg_key"
            }
          },
          "sensitive_attributes": [],
          "private": "eyJzY2hlbWFfdmVyc2lvbiI6IjEifQ=="
        }
      ]
    },
    {
      "mode": "managed",
      "type": "aws_security_group",
      "name": "test_sg",
      "provider": "provider[\"registry.terraform.io/hashicorp/aws\"]",
      "instances": [
        {
          "schema_version": 1,
          "attributes": {
            "arn": "arn:aws:ec2:ap-southeast-1:000348787903:security-group/sg-067a0ec6d1d47461e",
            "description": "Allow incoming traffic on ports 80, 22, and 443",
            "egress": [
              {
                "cidr_blocks": [
                  "0.0.0.0/0"
                ],
                "description": "",
                "from_port": 0,
                "ipv6_cidr_blocks": [],
                "prefix_list_ids": [],
                "protocol": "-1",
                "security_groups": [],
                "self": false,
                "to_port": 0
              }
            ],
            "id": "sg-067a0ec6d1d47461e",
            "ingress": [
              {
                "cidr_blocks": [
                  "0.0.0.0/0"
                ],
                "description": "",
                "from_port": 22,
                "ipv6_cidr_blocks": [],
                "prefix_list_ids": [],
                "protocol": "tcp",
                "security_groups": [],
                "self": false,
                "to_port": 22
              },
              {
                "cidr_blocks": [
                  "0.0.0.0/0"
                ],
                "description": "",
                "from_port": 443,
                "ipv6_cidr_blocks": [],
                "prefix_list_ids": [],
                "protocol": "tcp",
                "security_groups": [],
                "self": false,
                "to_port": 443
              },
              {
                "cidr_blocks": [
                  "0.0.0.0/0"
                ],
                "description": "",
                "from_port": 80,
                "ipv6_cidr_blocks": [],
                "prefix_list_ids": [],
                "protocol": "tcp",
                "security_groups": [],
                "self": false,
                "to_port": 80
              }
            ],
            "name": "test_security_g",
            "name_prefix": "",
            "owner_id": "000348787903",
            "revoke_rules_on_delete": false,
            "tags": {},
            "tags_all": {},
            "timeouts": null,
            "vpc_id": "vpc-08bbada9f9013634c"
          },
          "sensitive_attributes": [],
          "private": "eyJlMmJmYjczMC1lY2FhLTExZTYtOGY4OC0zNDM2M2JjN2M0YzAiOnsiY3JlYXRlIjo2MDAwMDAwMDAwMDAsImRlbGV0ZSI6OTAwMDAwMDAwMDAwfSwic2NoZW1hX3ZlcnNpb24iOiIxIn0="
        }
      ]
    }
  ],
  "check_results": null
}
