{
  "version": 4,
  "terraform_version": "1.7.2",
  "serial": 62,
  "lineage": "98590c86-874c-8b19-e675-15d1bd357daf",
  "outputs": {},
  "resources": [
    {
      "mode": "managed",
      "type": "aws_key_pair",
      "name": "realhr_key",
      "provider": "provider[\"registry.terraform.io/hashicorp/aws\"]",
      "instances": [
        {
          "schema_version": 1,
          "attributes": {
            "arn": "arn:aws:ec2:ap-southeast-1:000348787903:key-pair/realhrsoft",
            "fingerprint": "08:8e:94:86:82:dc:65:7c:92:a4:f0:d8:ac:e4:dc:ef",
            "id": "realhrsoft",
            "key_name": "realhrsoft",
            "key_name_prefix": "",
            "key_pair_id": "key-024fcfa509cf8dd73",
            "key_type": "rsa",
            "public_key": "ssh-rsa AAAAB3NzaC1yc2EAAAADAQABAAACAQCD96N9TaRaV/yru2lzeydzKWofBiZXaZXVgBeMzO8GIlQrylziaYFDlzkYRlvMMX5LfdJiAHHavw0yRoBxlZ0bNP7fUwhO6tpG28Zj8uLb4NZuOgqfs/YgW7HpiMyjVs0kdFDiFGhCkZxc0gdrMxX/yY1aN08atbmue9JkpgM9USwdbUVmdtIzJfYTYpbwzRbk1ThdqnIOhlbF3C4QKFAo4rRratsCuCVxL43DMg3uCGXDj0uHcXm9YZBFBjimWM0cGEef5fH3Ap+9UxiNQOrwQuKlm64a4imsVLD9mJgIEnWQvhv8q7dy+lm8z7C+T58AjKP4ht680VTT6EQXM4EVOvAMQNiQq7M1mcRawpUC2ucAev88YIlM8kVLEkrPrm5ln6kYWU+OH57PUl/lSOeexqQr0JvJqISLjGZby+TbVlphX/j/flzr63vWNE9ISBvsXEjRFXGAT2ua+Rsw/Fp6VudQ4EXz7QLWu4N4JmTrbhJ3RVUdvRaU13wRyKR5+OfSlNkc8f5U2LToRmTBKsOP5Gf9SeJtYxuNdRtlKkemluTeWmreKmV4XMQuZk+toYk7+8vNMgWXgKGLria2VfjHLA4y0SyH36/F48pzGsKWG7MYNXgZZ/VeV3vzmxFDetBB91AxPcyOf3my4qD1Ao5oeOLZejWcAKWhR5A3P/7Cow== bimal.rai@aayulogic.com",
            "tags": {
              "Name": "realhrsoft"
            },
            "tags_all": {
              "Name": "realhrsoft"
            }
          },
          "sensitive_attributes": [],
          "private": "eyJzY2hlbWFfdmVyc2lvbiI6IjEifQ=="
        }
      ]
    },
    {
      "mode": "managed",
      "type": "aws_security_group",
      "name": "realhrsoft_sg",
      "provider": "provider[\"registry.terraform.io/hashicorp/aws\"]",
      "instances": [
        {
          "schema_version": 1,
          "attributes": {
            "arn": "arn:aws:ec2:ap-southeast-1:000348787903:security-group/sg-0b9c3a94ed18116a6",
            "description": "Allow incoming traffic on ports 80, 22, and 443",
            "egress": [
              {
                "cidr_blocks": [
                  "0.0.0.0/0"
                ],
                "description": "",
                "from_port": 0,
                "ipv6_cidr_blocks": [],
                "prefix_list_ids": [],
                "protocol": "-1",
                "security_groups": [],
                "self": false,
                "to_port": 0
              }
            ],
            "id": "sg-0b9c3a94ed18116a6",
            "ingress": [
              {
                "cidr_blocks": [
                  "0.0.0.0/0"
                ],
                "description": "",
                "from_port": 22,
                "ipv6_cidr_blocks": [],
                "prefix_list_ids": [],
                "protocol": "tcp",
                "security_groups": [],
                "self": false,
                "to_port": 22
              },
              {
                "cidr_blocks": [
                  "0.0.0.0/0"
                ],
                "description": "",
                "from_port": 443,
                "ipv6_cidr_blocks": [],
                "prefix_list_ids": [],
                "protocol": "tcp",
                "security_groups": [],
                "self": false,
                "to_port": 443
              },
              {
                "cidr_blocks": [
                  "0.0.0.0/0"
                ],
                "description": "",
                "from_port": 80,
                "ipv6_cidr_blocks": [],
                "prefix_list_ids": [],
                "protocol": "tcp",
                "security_groups": [],
                "self": false,
                "to_port": 80
              }
            ],
            "name": "realhrsoft_security_group",
            "name_prefix": "",
            "owner_id": "000348787903",
            "revoke_rules_on_delete": false,
            "tags": null,
            "tags_all": {},
            "timeouts": null,
            "vpc_id": "vpc-08bbada9f9013634c"
          },
          "sensitive_attributes": [],
          "private": "eyJlMmJmYjczMC1lY2FhLTExZTYtOGY4OC0zNDM2M2JjN2M0YzAiOnsiY3JlYXRlIjo2MDAwMDAwMDAwMDAsImRlbGV0ZSI6OTAwMDAwMDAwMDAwfSwic2NoZW1hX3ZlcnNpb24iOiIxIn0="
        }
      ]
    }
  ],
  "check_results": null
}
